{
  "name": "base",
  "version": "1.0.0",
  "lockfileVersion": 2,
  "requires": true,
  "packages": {
    "": {
      "name": "base",
      "version": "1.0.0",
      "license": "MIT",
      "dependencies": {
        "@templatejs/runtime": "^2.2.1"
      },
      "devDependencies": {}
    },
    "node_modules/@babel/runtime": {
      "version": "7.23.4",
      "resolved": "https://registry.npmjs.org/@babel/runtime/-/runtime-7.23.4.tgz",
      "integrity": "sha512-2Yv65nlWnWlSpe3fXEyX5i7fx5kIKo4Qbcj+hMO0odwaneFjfXw5fdum+4yL20O0QiaHpia0cYQ9xpNMqrBwHg==",
      "dependencies": {
        "regenerator-runtime": "^0.14.0"
      },
      "engines": {
        "node": ">=6.9.0"
      }
    },
    "node_modules/@jsmini/extend": {
      "version": "0.3.3",
      "resolved": "https://registry.npmjs.org/@jsmini/extend/-/extend-0.3.3.tgz",
      "integrity": "sha512-kR8IOP+cwS1f+RF/GFO4pzODqGtubE0XsqAoYDYsK6JGQ8YLsrGuY2ZolpjvwrzjR/vOpuaYpeS9RUfvowSJjA==",
      "dependencies": {
        "@babel/runtime": "^7.1.2",
        "@jsmini/is": "^0.8.4"
      },
      "engines": {
        "node": ">= 0.12.0"
      }
    },
    "node_modules/@jsmini/is": {
      "version": "0.8.5",
      "resolved": "https://registry.npmjs.org/@jsmini/is/-/is-0.8.5.tgz",
      "integrity": "sha512-YVyM6emY6JT/b9D53Nsk32dyccwk2JC7brrh+g+HcWLqa/YLcct7/jbSubIM5jb4ziZfRiygep1hCfL4Wd7XQg==",
      "dependencies": {
        "@babel/runtime": "^7.1.2",
        "@jsmini/type": "^0.9.1"
      },
      "engines": {
        "node": ">= 0.12.0"
      }
    },
    "node_modules/@jsmini/type": {
      "version": "0.9.2",
      "resolved": "https://registry.npmjs.org/@jsmini/type/-/type-0.9.2.tgz",
      "integrity": "sha512-fTsXi1wQQOfSy3KjowGIZE4rrr1U8RpsHG0m/4lxB0s7OD5ghX51PaRL/2heAGD4uDaJzeHYcW9aAwF/v5kUkg==",
      "dependencies": {
        "@babel/runtime": "^7.1.2"
      },
      "engines": {
        "node": ">= 0.12.0"
      }
    },
    "node_modules/@templatejs/parser": {
      "version": "2.4.0",
      "resolved": "https://registry.npmjs.org/@templatejs/parser/-/parser-2.4.0.tgz",
      "integrity": "sha512-tcv2c7GcDudIF3NemwtO0LhIsFjWyv/NMUn9t2iWzGskbA12QWwck6ucHjsU4APHu2Cx92rqKVU0hMkzToqfsw==",
      "dependencies": {
        "@babel/runtime": "^7.1.2",
        "@jsmini/extend": "^0.3.3"
      },
      "engines": {
        "node": ">= 0.12.0"
      }
    },
    "node_modules/@templatejs/runtime": {
      "version": "2.4.0",
      "resolved": "https://registry.npmjs.org/@templatejs/runtime/-/runtime-2.4.0.tgz",
      "integrity": "sha512-fhnxE4BqOhmkYvNs5PRireRenZnxsfYQlWzNZX5Fb7muJM9+fehgoNOsgGmwYbCdB65lTlnypQKohDuQz365Lw==",
      "dependencies": {
        "@babel/runtime": "^7.1.2",
        "@jsmini/extend": "^0.3.3",
        "@jsmini/type": "^0.9.2",
        "@templatejs/parser": "^2.4.0"
      },
      "engines": {
        "node": ">= 0.12.0"
      }
    },
    "node_modules/regenerator-runtime": {
      "version": "0.14.0",
      "resolved": "https://registry.npmjs.org/regenerator-runtime/-/regenerator-runtime-0.14.0.tgz",
      "integrity": "sha512-srw17NI0TUWHuGa5CFGGmhfNIeja30WMBfbslPNhf6JrqQlLN5gcrvig1oqPxiVaXb0oW0XRKtH6Nngs5lKCIA=="
    }
  },
  "dependencies": {
    "@babel/runtime": {
      "version": "7.23.4",
      "resolved": "https://registry.npmjs.org/@babel/runtime/-/runtime-7.23.4.tgz",
      "integrity": "sha512-2Yv65nlWnWlSpe3fXEyX5i7fx5kIKo4Qbcj+hMO0odwaneFjfXw5fdum+4yL20O0QiaHpia0cYQ9xpNMqrBwHg==",
      "requires": {
        "regenerator-runtime": "^0.14.0"
      }
    },
    "@jsmini/extend": {
      "version": "0.3.3",
      "resolved": "https://registry.npmjs.org/@jsmini/extend/-/extend-0.3.3.tgz",
      "integrity": "sha512-kR8IOP+cwS1f+RF/GFO4pzODqGtubE0XsqAoYDYsK6JGQ8YLsrGuY2ZolpjvwrzjR/vOpuaYpeS9RUfvowSJjA==",
      "requires": {
        "@babel/runtime": "^7.1.2",
        "@jsmini/is": "^0.8.4"
      }
    },
    "@jsmini/is": {
      "version": "0.8.5",
      "resolved": "https://registry.npmjs.org/@jsmini/is/-/is-0.8.5.tgz",
      "integrity": "sha512-YVyM6emY6JT/b9D53Nsk32dyccwk2JC7brrh+g+HcWLqa/YLcct7/jbSubIM5jb4ziZfRiygep1hCfL4Wd7XQg==",
      "requires": {
        "@babel/runtime": "^7.1.2",
        "@jsmini/type": "^0.9.1"
      }
    },
    "@jsmini/type": {
      "version": "0.9.2",
      "resolved": "https://registry.npmjs.org/@jsmini/type/-/type-0.9.2.tgz",
      "integrity": "sha512-fTsXi1wQQOfSy3KjowGIZE4rrr1U8RpsHG0m/4lxB0s7OD5ghX51PaRL/2heAGD4uDaJzeHYcW9aAwF/v5kUkg==",
      "requires": {
        "@babel/runtime": "^7.1.2"
      }
    },
    "@templatejs/parser": {
      "version": "2.4.0",
      "resolved": "https://registry.npmjs.org/@templatejs/parser/-/parser-2.4.0.tgz",
      "integrity": "sha512-tcv2c7GcDudIF3NemwtO0LhIsFjWyv/NMUn9t2iWzGskbA12QWwck6ucHjsU4APHu2Cx92rqKVU0hMkzToqfsw==",
      "requires": {
        "@babel/runtime": "^7.1.2",
        "@jsmini/extend": "^0.3.3"
      }
    },
    "@templatejs/runtime": {
      "version": "2.4.0",
      "resolved": "https://registry.npmjs.org/@templatejs/runtime/-/runtime-2.4.0.tgz",
      "integrity": "sha512-fhnxE4BqOhmkYvNs5PRireRenZnxsfYQlWzNZX5Fb7muJM9+fehgoNOsgGmwYbCdB65lTlnypQKohDuQz365Lw==",
      "requires": {
        "@babel/runtime": "^7.1.2",
        "@jsmini/extend": "^0.3.3",
        "@jsmini/type": "^0.9.2",
        "@templatejs/parser": "^2.4.0"
      }
    },
    "regenerator-runtime": {
      "version": "0.14.0",
      "resolved": "https://registry.npmjs.org/regenerator-runtime/-/regenerator-runtime-0.14.0.tgz",
      "integrity": "sha512-srw17NI0TUWHuGa5CFGGmhfNIeja30WMBfbslPNhf6JrqQlLN5gcrvig1oqPxiVaXb0oW0XRKtH6Nngs5lKCIA=="
    }
  }
}
