{
  "name": "base",
  "version": "1.0.0",
  "lockfileVersion": 2,
  "requires": true,
  "packages": {
    "": {
      "name": "base",
      "version": "1.0.0",
      "license": "ISC",
      "dependencies": {
        "template_js": "^3.1.2-alpha.0"
      }
    },
    "node_modules/@jsmini/extend": {
      "version": "0.5.0",
      "resolved": "https://registry.npmjs.org/@jsmini/extend/-/extend-0.5.0.tgz",
      "integrity": "sha512-GkIy7BQ5iGJM6QcyFGZiCwHrK4vHiqHREZLYFaVt21+0LhnnyFA96kOYyvR4iajd71ZzFuBvvbLTrMRz8mOhbw==",
      "hasInstallScript": true,
      "dependencies": {
        "@jsmini/is": "^0.10.0"
      },
      "engines": {
        "node": ">=14.0.0",
        "npm": ">=6.0.0"
      }
    },
    "node_modules/@jsmini/is": {
      "version": "0.10.0",
      "resolved": "https://registry.npmjs.org/@jsmini/is/-/is-0.10.0.tgz",
      "integrity": "sha512-23VqbkX+ynIzzTO2mJt7uvY9U4xeJZjwIcJ2/PAKe4QP/zOsecwaMFTa70nyac2QM71gZSdz7y4qPPbu8EvCUg==",
      "hasInstallScript": true,
      "dependencies": {
        "@jsmini/type": "^0.11.0"
      },
      "engines": {
        "node": ">=14.0.0",
        "npm": ">=6.0.0"
      }
    },
    "node_modules/@jsmini/type": {
      "version": "0.11.0",
      "resolved": "https://registry.npmjs.org/@jsmini/type/-/type-0.11.0.tgz",
      "integrity": "sha512-4SEqNWXbYx/4slvp6/HfdBQiNKVnrMFHVjoYtj6JI21fibXmjnZ0imYETN4yp+VFcPDZn+5e3eUvgzPd6Xop0Q==",
      "hasInstallScript": true,
      "engines": {
        "node": ">=14.0.0",
        "npm": ">=6.0.0"
      }
    },
    "node_modules/@templatejs/parser": {
      "version": "3.1.2-alpha.0",
      "resolved": "https://registry.npmjs.org/@templatejs/parser/-/parser-3.1.2-alpha.0.tgz",
      "integrity": "sha512-FAEvjW2qxSALZw6V5RZH8bgOZfCc7E0g1OiEJqWFlcCnNfcYKBjyDAdCy/M3ETwkoZkKtfeSl++b0gPPyQE4/g==",
      "dependencies": {
        "@jsmini/extend": "^0.5.0"
      },
      "engines": {
        "node": ">=14.0.0",
        "npm": ">=6.0.0"
      }
    },
    "node_modules/@templatejs/runtime": {
      "version": "3.1.2-alpha.0",
      "resolved": "https://registry.npmjs.org/@templatejs/runtime/-/runtime-3.1.2-alpha.0.tgz",
      "integrity": "sha512-1vFAOlepcVzzxpCDrUiWquLt7wdMEH4t8Uh2DUwuRaKOek8Qngr7AoSyuTy/xP74+pKvgkY/GMpLHQiWt3a/gw==",
      "dependencies": {
        "@jsmini/extend": "^0.5.0",
        "@jsmini/type": "^0.11.0",
        "@templatejs/parser": "^3.1.2-alpha.0"
      },
      "engines": {
        "node": ">=14.0.0",
        "npm": ">=6.0.0"
      }
    },
    "node_modules/template_js": {
      "version": "3.1.2-alpha.0",
      "resolved": "https://registry.npmjs.org/template_js/-/template_js-3.1.2-alpha.0.tgz",
      "integrity": "sha512-gJVk5gvqRlhIMWxBBRFeKKrz/VZ7JWt9ouX8I0iEV+Pbnhkmt2jHcil4651TaHVV42I+UFdgpawExUKFhfMRCg==",
      "dependencies": {
        "@jsmini/extend": "^0.5.0",
        "@jsmini/type": "^0.11.0",
        "@templatejs/parser": "^3.1.2-alpha.0",
        "@templatejs/runtime": "^3.1.2-alpha.0"
      },
      "engines": {
        "node": ">=14.0.0",
        "npm": ">=6.0.0"
      }
    }
  },
  "dependencies": {
    "@jsmini/extend": {
      "version": "0.5.0",
      "resolved": "https://registry.npmjs.org/@jsmini/extend/-/extend-0.5.0.tgz",
      "integrity": "sha512-GkIy7BQ5iGJM6QcyFGZiCwHrK4vHiqHREZLYFaVt21+0LhnnyFA96kOYyvR4iajd71ZzFuBvvbLTrMRz8mOhbw==",
      "requires": {
        "@jsmini/is": "^0.10.0"
      }
    },
    "@jsmini/is": {
      "version": "0.10.0",
      "resolved": "https://registry.npmjs.org/@jsmini/is/-/is-0.10.0.tgz",
      "integrity": "sha512-23VqbkX+ynIzzTO2mJt7uvY9U4xeJZjwIcJ2/PAKe4QP/zOsecwaMFTa70nyac2QM71gZSdz7y4qPPbu8EvCUg==",
      "requires": {
        "@jsmini/type": "^0.11.0"
      }
    },
    "@jsmini/type": {
      "version": "0.11.0",
      "resolved": "https://registry.npmjs.org/@jsmini/type/-/type-0.11.0.tgz",
      "integrity": "sha512-4SEqNWXbYx/4slvp6/HfdBQiNKVnrMFHVjoYtj6JI21fibXmjnZ0imYETN4yp+VFcPDZn+5e3eUvgzPd6Xop0Q=="
    },
    "@templatejs/parser": {
      "version": "3.1.2-alpha.0",
      "resolved": "https://registry.npmjs.org/@templatejs/parser/-/parser-3.1.2-alpha.0.tgz",
      "integrity": "sha512-FAEvjW2qxSALZw6V5RZH8bgOZfCc7E0g1OiEJqWFlcCnNfcYKBjyDAdCy/M3ETwkoZkKtfeSl++b0gPPyQE4/g==",
      "requires": {
        "@jsmini/extend": "^0.5.0"
      }
    },
    "@templatejs/runtime": {
      "version": "3.1.2-alpha.0",
      "resolved": "https://registry.npmjs.org/@templatejs/runtime/-/runtime-3.1.2-alpha.0.tgz",
      "integrity": "sha512-1vFAOlepcVzzxpCDrUiWquLt7wdMEH4t8Uh2DUwuRaKOek8Qngr7AoSyuTy/xP74+pKvgkY/GMpLHQiWt3a/gw==",
      "requires": {
        "@jsmini/extend": "^0.5.0",
        "@jsmini/type": "^0.11.0",
        "@templatejs/parser": "^3.1.2-alpha.0"
      }
    },
    "template_js": {
      "version": "3.1.2-alpha.0",
      "resolved": "https://registry.npmjs.org/template_js/-/template_js-3.1.2-alpha.0.tgz",
      "integrity": "sha512-gJVk5gvqRlhIMWxBBRFeKKrz/VZ7JWt9ouX8I0iEV+Pbnhkmt2jHcil4651TaHVV42I+UFdgpawExUKFhfMRCg==",
      "requires": {
        "@jsmini/extend": "^0.5.0",
        "@jsmini/type": "^0.11.0",
        "@templatejs/parser": "^3.1.2-alpha.0",
        "@templatejs/runtime": "^3.1.2-alpha.0"
      }
    }
  }
}
